// !$*UTF8*$!
{
	archiveVersion = 1;
	classes = {
	};
	objectVersion = 46;
	objects = {

/* Begin PBXBuildFile section */
		02A8A3098D813A188DA46BD7 /* libPods-MercadolibrOSTests.a in Frameworks */ = {isa = PBXBuildFile; fileRef = 98AA31FD52B4A1CACD8A2BE5 /* libPods-MercadolibrOSTests.a */; };
		08506C6E19F2829C00B206B9 /* WMNavigationManagerTests.m in Sources */ = {isa = PBXBuildFile; fileRef = 08506C6D19F2829C00B206B9 /* WMNavigationManagerTests.m */; };
		08506C9019F2DE5400B206B9 /* WMSearchServiceTests.m in Sources */ = {isa = PBXBuildFile; fileRef = 08506C8F19F2DE5400B206B9 /* WMSearchServiceTests.m */; };
		08506C9319F2DE9A00B206B9 /* WMSearchService.m in Sources */ = {isa = PBXBuildFile; fileRef = 08506C9219F2DE9A00B206B9 /* WMSearchService.m */; };
		08506C9619F2DF2F00B206B9 /* WMSearch.m in Sources */ = {isa = PBXBuildFile; fileRef = 08506C9519F2DF2F00B206B9 /* WMSearch.m */; };
		08506C9919F2DF6C00B206B9 /* WMPaging.m in Sources */ = {isa = PBXBuildFile; fileRef = 08506C9819F2DF6C00B206B9 /* WMPaging.m */; };
		08506CA419F3223800B206B9 /* search_success.json in Resources */ = {isa = PBXBuildFile; fileRef = 08506CA219F3223800B206B9 /* search_success.json */; };
		08506CA719F419A100B206B9 /* WMPagingTests.m in Sources */ = {isa = PBXBuildFile; fileRef = 08506CA619F419A100B206B9 /* WMPagingTests.m */; };
		08506CA919F4242400B206B9 /* WMSearchTests.m in Sources */ = {isa = PBXBuildFile; fileRef = 08506CA819F4242400B206B9 /* WMSearchTests.m */; };
		08506CAC19F4317300B206B9 /* WMItem.m in Sources */ = {isa = PBXBuildFile; fileRef = 08506CAB19F4317300B206B9 /* WMItem.m */; };
		08506CAE19F4AADA00B206B9 /* WMItemTests.m in Sources */ = {isa = PBXBuildFile; fileRef = 08506CAD19F4AADA00B206B9 /* WMItemTests.m */; };
		08FFCC3619F1E02B00914866 /* main.m in Sources */ = {isa = PBXBuildFile; fileRef = 08FFCC3519F1E02B00914866 /* main.m */; };
		08FFCC3919F1E02B00914866 /* AppDelegate.m in Sources */ = {isa = PBXBuildFile; fileRef = 08FFCC3819F1E02B00914866 /* AppDelegate.m */; };
		08FFCC4119F1E02B00914866 /* Images.xcassets in Resources */ = {isa = PBXBuildFile; fileRef = 08FFCC4019F1E02B00914866 /* Images.xcassets */; };
		08FFCC4419F1E02B00914866 /* LaunchScreen.xib in Resources */ = {isa = PBXBuildFile; fileRef = 08FFCC4219F1E02B00914866 /* LaunchScreen.xib */; };
		08FFCC5A19F1EDDB00914866 /* AppDelegateTests.m in Sources */ = {isa = PBXBuildFile; fileRef = 08FFCC5919F1EDDB00914866 /* AppDelegateTests.m */; };
		08FFCC5F19F1EF0700914866 /* WMHomeViewController.xib in Resources */ = {isa = PBXBuildFile; fileRef = 08FFCC5D19F1EF0700914866 /* WMHomeViewController.xib */; };
		08FFCC6119F2030700914866 /* WMHomeViewControllerTests.m in Sources */ = {isa = PBXBuildFile; fileRef = 08FFCC6019F2030700914866 /* WMHomeViewControllerTests.m */; };
		08FFCC6619F2236B00914866 /* WMSearchResultsViewController.xib in Resources */ = {isa = PBXBuildFile; fileRef = 08FFCC6419F2236B00914866 /* WMSearchResultsViewController.xib */; };
		27EA2D6B19F57E3300769D6E /* WMHomeViewController.m in Sources */ = {isa = PBXBuildFile; fileRef = 08FFCC5C19F1EF0700914866 /* WMHomeViewController.m */; };
		27EA2D6C19F57E3300769D6E /* WMSearchResultsViewController.m in Sources */ = {isa = PBXBuildFile; fileRef = 08FFCC6319F2236B00914866 /* WMSearchResultsViewController.m */; };
		27EA2D7119F585A100769D6E /* WMNavigationManager.m in Sources */ = {isa = PBXBuildFile; fileRef = 08FFCC6819F22C9A00914866 /* WMNavigationManager.m */; };
/* End PBXBuildFile section */

/* Begin PBXContainerItemProxy section */
		08FFCC4A19F1E02C00914866 /* PBXContainerItemProxy */ = {
			isa = PBXContainerItemProxy;
			containerPortal = 08FFCC2819F1E02B00914866 /* Project object */;
			proxyType = 1;
			remoteGlobalIDString = 08FFCC2F19F1E02B00914866;
			remoteInfo = MercadolibrOS;
		};
/* End PBXContainerItemProxy section */

/* Begin PBXFileReference section */
		082D3A2419FD67F000D023F7 /* WMSearchDelegate.h */ = {isa = PBXFileReference; fileEncoding = 4; lastKnownFileType = sourcecode.c.h; name = WMSearchDelegate.h; path = Protocols/WMSearchDelegate.h; sourceTree = "<group>"; };
		08506C6D19F2829C00B206B9 /* WMNavigationManagerTests.m */ = {isa = PBXFileReference; fileEncoding = 4; lastKnownFileType = sourcecode.c.objc; path = WMNavigationManagerTests.m; sourceTree = "<group>"; };
		08506C8F19F2DE5400B206B9 /* WMSearchServiceTests.m */ = {isa = PBXFileReference; fileEncoding = 4; lastKnownFileType = sourcecode.c.objc; path = WMSearchServiceTests.m; sourceTree = "<group>"; };
		08506C9119F2DE9A00B206B9 /* WMSearchService.h */ = {isa = PBXFileReference; fileEncoding = 4; lastKnownFileType = sourcecode.c.h; path = WMSearchService.h; sourceTree = "<group>"; };
		08506C9219F2DE9A00B206B9 /* WMSearchService.m */ = {isa = PBXFileReference; fileEncoding = 4; lastKnownFileType = sourcecode.c.objc; path = WMSearchService.m; sourceTree = "<group>"; };
		08506C9419F2DF2F00B206B9 /* WMSearch.h */ = {isa = PBXFileReference; fileEncoding = 4; lastKnownFileType = sourcecode.c.h; path = WMSearch.h; sourceTree = "<group>"; };
		08506C9519F2DF2F00B206B9 /* WMSearch.m */ = {isa = PBXFileReference; fileEncoding = 4; lastKnownFileType = sourcecode.c.objc; path = WMSearch.m; sourceTree = "<group>"; };
		08506C9719F2DF6C00B206B9 /* WMPaging.h */ = {isa = PBXFileReference; fileEncoding = 4; lastKnownFileType = sourcecode.c.h; path = WMPaging.h; sourceTree = "<group>"; };
		08506C9819F2DF6C00B206B9 /* WMPaging.m */ = {isa = PBXFileReference; fileEncoding = 4; lastKnownFileType = sourcecode.c.objc; path = WMPaging.m; sourceTree = "<group>"; };
		08506CA219F3223800B206B9 /* search_success.json */ = {isa = PBXFileReference; fileEncoding = 4; lastKnownFileType = text.json; path = search_success.json; sourceTree = "<group>"; };
		08506CA619F419A100B206B9 /* WMPagingTests.m */ = {isa = PBXFileReference; fileEncoding = 4; lastKnownFileType = sourcecode.c.objc; path = WMPagingTests.m; sourceTree = "<group>"; };
		08506CA819F4242400B206B9 /* WMSearchTests.m */ = {isa = PBXFileReference; fileEncoding = 4; lastKnownFileType = sourcecode.c.objc; path = WMSearchTests.m; sourceTree = "<group>"; };
		08506CAA19F4317300B206B9 /* WMItem.h */ = {isa = PBXFileReference; fileEncoding = 4; lastKnownFileType = sourcecode.c.h; path = WMItem.h; sourceTree = "<group>"; };
		08506CAB19F4317300B206B9 /* WMItem.m */ = {isa = PBXFileReference; fileEncoding = 4; lastKnownFileType = sourcecode.c.objc; path = WMItem.m; sourceTree = "<group>"; };
		08506CAD19F4AADA00B206B9 /* WMItemTests.m */ = {isa = PBXFileReference; fileEncoding = 4; lastKnownFileType = sourcecode.c.objc; path = WMItemTests.m; sourceTree = "<group>"; };
		08FFCC3019F1E02B00914866 /* MercadolibrOS.app */ = {isa = PBXFileReference; explicitFileType = wrapper.application; includeInIndex = 0; path = MercadolibrOS.app; sourceTree = BUILT_PRODUCTS_DIR; };
		08FFCC3419F1E02B00914866 /* Info.plist */ = {isa = PBXFileReference; lastKnownFileType = text.plist.xml; path = Info.plist; sourceTree = "<group>"; };
		08FFCC3519F1E02B00914866 /* main.m */ = {isa = PBXFileReference; lastKnownFileType = sourcecode.c.objc; path = main.m; sourceTree = "<group>"; };
		08FFCC3719F1E02B00914866 /* AppDelegate.h */ = {isa = PBXFileReference; lastKnownFileType = sourcecode.c.h; path = AppDelegate.h; sourceTree = "<group>"; };
		08FFCC3819F1E02B00914866 /* AppDelegate.m */ = {isa = PBXFileReference; lastKnownFileType = sourcecode.c.objc; path = AppDelegate.m; sourceTree = "<group>"; };
		08FFCC4019F1E02B00914866 /* Images.xcassets */ = {isa = PBXFileReference; lastKnownFileType = folder.assetcatalog; path = Images.xcassets; sourceTree = "<group>"; };
		08FFCC4319F1E02B00914866 /* Base */ = {isa = PBXFileReference; lastKnownFileType = file.xib; name = Base; path = Base.lproj/LaunchScreen.xib; sourceTree = "<group>"; };
		08FFCC4919F1E02C00914866 /* MercadolibrOSTests.xctest */ = {isa = PBXFileReference; explicitFileType = wrapper.cfbundle; includeInIndex = 0; path = MercadolibrOSTests.xctest; sourceTree = BUILT_PRODUCTS_DIR; };
		08FFCC4E19F1E02C00914866 /* Info.plist */ = {isa = PBXFileReference; lastKnownFileType = text.plist.xml; path = Info.plist; sourceTree = "<group>"; };
		08FFCC5919F1EDDB00914866 /* AppDelegateTests.m */ = {isa = PBXFileReference; fileEncoding = 4; lastKnownFileType = sourcecode.c.objc; path = AppDelegateTests.m; sourceTree = "<group>"; };
		08FFCC5B19F1EF0700914866 /* WMHomeViewController.h */ = {isa = PBXFileReference; fileEncoding = 4; lastKnownFileType = sourcecode.c.h; path = WMHomeViewController.h; sourceTree = "<group>"; };
		08FFCC5C19F1EF0700914866 /* WMHomeViewController.m */ = {isa = PBXFileReference; fileEncoding = 4; lastKnownFileType = sourcecode.c.objc; path = WMHomeViewController.m; sourceTree = "<group>"; };
		08FFCC5D19F1EF0700914866 /* WMHomeViewController.xib */ = {isa = PBXFileReference; fileEncoding = 4; lastKnownFileType = file.xib; path = WMHomeViewController.xib; sourceTree = "<group>"; };
		08FFCC6019F2030700914866 /* WMHomeViewControllerTests.m */ = {isa = PBXFileReference; fileEncoding = 4; lastKnownFileType = sourcecode.c.objc; path = WMHomeViewControllerTests.m; sourceTree = "<group>"; };
		08FFCC6219F2236B00914866 /* WMSearchResultsViewController.h */ = {isa = PBXFileReference; fileEncoding = 4; lastKnownFileType = sourcecode.c.h; path = WMSearchResultsViewController.h; sourceTree = "<group>"; };
		08FFCC6319F2236B00914866 /* WMSearchResultsViewController.m */ = {isa = PBXFileReference; fileEncoding = 4; lastKnownFileType = sourcecode.c.objc; path = WMSearchResultsViewController.m; sourceTree = "<group>"; };
		08FFCC6419F2236B00914866 /* WMSearchResultsViewController.xib */ = {isa = PBXFileReference; fileEncoding = 4; lastKnownFileType = file.xib; path = WMSearchResultsViewController.xib; sourceTree = "<group>"; };
		08FFCC6719F22C9A00914866 /* WMNavigationManager.h */ = {isa = PBXFileReference; fileEncoding = 4; lastKnownFileType = sourcecode.c.h; path = WMNavigationManager.h; sourceTree = "<group>"; };
		08FFCC6819F22C9A00914866 /* WMNavigationManager.m */ = {isa = PBXFileReference; fileEncoding = 4; lastKnownFileType = sourcecode.c.objc; path = WMNavigationManager.m; sourceTree = "<group>"; };
		68298690A596A12CD3F4C2E8 /* Pods-MercadolibrOSTests.release.xcconfig */ = {isa = PBXFileReference; includeInIndex = 1; lastKnownFileType = text.xcconfig; name = "Pods-MercadolibrOSTests.release.xcconfig"; path = "Pods/Target Support Files/Pods-MercadolibrOSTests/Pods-MercadolibrOSTests.release.xcconfig"; sourceTree = "<group>"; };
		98AA31FD52B4A1CACD8A2BE5 /* libPods-MercadolibrOSTests.a */ = {isa = PBXFileReference; explicitFileType = archive.ar; includeInIndex = 0; path = "libPods-MercadolibrOSTests.a"; sourceTree = BUILT_PRODUCTS_DIR; };
		C293BA9E90E77319DDF6966D /* Pods-MercadolibrOSTests.debug.xcconfig */ = {isa = PBXFileReference; includeInIndex = 1; lastKnownFileType = text.xcconfig; name = "Pods-MercadolibrOSTests.debug.xcconfig"; path = "Pods/Target Support Files/Pods-MercadolibrOSTests/Pods-MercadolibrOSTests.debug.xcconfig"; sourceTree = "<group>"; };
/* End PBXFileReference section */

/* Begin PBXFrameworksBuildPhase section */
		08FFCC2D19F1E02B00914866 /* Frameworks */ = {
			isa = PBXFrameworksBuildPhase;
			buildActionMask = 2147483647;
			files = (
			);
			runOnlyForDeploymentPostprocessing = 0;
		};
		08FFCC4619F1E02C00914866 /* Frameworks */ = {
			isa = PBXFrameworksBuildPhase;
			buildActionMask = 2147483647;
			files = (
				02A8A3098D813A188DA46BD7 /* libPods-MercadolibrOSTests.a in Frameworks */,
			);
			runOnlyForDeploymentPostprocessing = 0;
		};
/* End PBXFrameworksBuildPhase section */

/* Begin PBXGroup section */
		082D3A2319FD66C100D023F7 /* Protocols */ = {
			isa = PBXGroup;
			children = (
				082D3A2419FD67F000D023F7 /* WMSearchDelegate.h */,
			);
			name = Protocols;
			sourceTree = "<group>";
		};
		08506C8B19F2D9D900B206B9 /* Models */ = {
			isa = PBXGroup;
			children = (
				08506C9419F2DF2F00B206B9 /* WMSearch.h */,
				08506C9519F2DF2F00B206B9 /* WMSearch.m */,
				08506C9719F2DF6C00B206B9 /* WMPaging.h */,
				08506C9819F2DF6C00B206B9 /* WMPaging.m */,
				08506CAA19F4317300B206B9 /* WMItem.h */,
				08506CAB19F4317300B206B9 /* WMItem.m */,
			);
			path = Models;
			sourceTree = "<group>";
		};
		08506C8C19F2D9D900B206B9 /* Services */ = {
			isa = PBXGroup;
			children = (
				08506C9119F2DE9A00B206B9 /* WMSearchService.h */,
				08506C9219F2DE9A00B206B9 /* WMSearchService.m */,
			);
			path = Services;
			sourceTree = "<group>";
		};
		08506CA119F321CB00B206B9 /* Responses */ = {
			isa = PBXGroup;
			children = (
				08506CA219F3223800B206B9 /* search_success.json */,
			);
			path = Responses;
			sourceTree = "<group>";
		};
		08FFCC2719F1E02B00914866 = {
			isa = PBXGroup;
			children = (
				08FFCC3219F1E02B00914866 /* MercadolibrOS */,
				08FFCC4C19F1E02C00914866 /* MercadolibrOSTests */,
				08FFCC3119F1E02B00914866 /* Products */,
				B0B91B6A5812C9A076C967E4 /* Pods */,
				31E21859B8D3B11F985973B4 /* Frameworks */,
			);
			sourceTree = "<group>";
		};
		08FFCC3119F1E02B00914866 /* Products */ = {
			isa = PBXGroup;
			children = (
				08FFCC3019F1E02B00914866 /* MercadolibrOS.app */,
				08FFCC4919F1E02C00914866 /* MercadolibrOSTests.xctest */,
			);
			name = Products;
			sourceTree = "<group>";
		};
		08FFCC3219F1E02B00914866 /* MercadolibrOS */ = {
			isa = PBXGroup;
			children = (
				082D3A2319FD66C100D023F7 /* Protocols */,
				27EA2D7019F5857200769D6E /* Utils */,
				27EA2D6F19F5856100769D6E /* ViewControllers */,
				08506C8B19F2D9D900B206B9 /* Models */,
				08506C8C19F2D9D900B206B9 /* Services */,
				08FFCC3719F1E02B00914866 /* AppDelegate.h */,
				08FFCC3819F1E02B00914866 /* AppDelegate.m */,
				08FFCC4019F1E02B00914866 /* Images.xcassets */,
				08FFCC4219F1E02B00914866 /* LaunchScreen.xib */,
				08FFCC3319F1E02B00914866 /* Supporting Files */,
			);
			path = MercadolibrOS;
			sourceTree = "<group>";
		};
		08FFCC3319F1E02B00914866 /* Supporting Files */ = {
			isa = PBXGroup;
			children = (
				08FFCC3419F1E02B00914866 /* Info.plist */,
				08FFCC3519F1E02B00914866 /* main.m */,
			);
			name = "Supporting Files";
			sourceTree = "<group>";
		};
		08FFCC4C19F1E02C00914866 /* MercadolibrOSTests */ = {
			isa = PBXGroup;
			children = (
				08506CAD19F4AADA00B206B9 /* WMItemTests.m */,
				08506CA819F4242400B206B9 /* WMSearchTests.m */,
				08506CA619F419A100B206B9 /* WMPagingTests.m */,
				08506CA119F321CB00B206B9 /* Responses */,
				08506C8F19F2DE5400B206B9 /* WMSearchServiceTests.m */,
				08506C6D19F2829C00B206B9 /* WMNavigationManagerTests.m */,
				08FFCC6019F2030700914866 /* WMHomeViewControllerTests.m */,
				08FFCC5919F1EDDB00914866 /* AppDelegateTests.m */,
				08FFCC4D19F1E02C00914866 /* Supporting Files */,
			);
			path = MercadolibrOSTests;
			sourceTree = "<group>";
		};
		08FFCC4D19F1E02C00914866 /* Supporting Files */ = {
			isa = PBXGroup;
			children = (
				08FFCC4E19F1E02C00914866 /* Info.plist */,
			);
			name = "Supporting Files";
			sourceTree = "<group>";
		};
		27EA2D6F19F5856100769D6E /* ViewControllers */ = {
			isa = PBXGroup;
			children = (
				08FFCC5B19F1EF0700914866 /* WMHomeViewController.h */,
				08FFCC5C19F1EF0700914866 /* WMHomeViewController.m */,
				08FFCC5D19F1EF0700914866 /* WMHomeViewController.xib */,
				08FFCC6219F2236B00914866 /* WMSearchResultsViewController.h */,
				08FFCC6319F2236B00914866 /* WMSearchResultsViewController.m */,
				08FFCC6419F2236B00914866 /* WMSearchResultsViewController.xib */,
			);
			name = ViewControllers;
			sourceTree = "<group>";
		};
		27EA2D7019F5857200769D6E /* Utils */ = {
			isa = PBXGroup;
			children = (
				08FFCC6719F22C9A00914866 /* WMNavigationManager.h */,
				08FFCC6819F22C9A00914866 /* WMNavigationManager.m */,
			);
			name = Utils;
			sourceTree = "<group>";
		};
		31E21859B8D3B11F985973B4 /* Frameworks */ = {
			isa = PBXGroup;
			children = (
				98AA31FD52B4A1CACD8A2BE5 /* libPods-MercadolibrOSTests.a */,
			);
			name = Frameworks;
			sourceTree = "<group>";
		};
		B0B91B6A5812C9A076C967E4 /* Pods */ = {
			isa = PBXGroup;
			children = (
				C293BA9E90E77319DDF6966D /* Pods-MercadolibrOSTests.debug.xcconfig */,
				68298690A596A12CD3F4C2E8 /* Pods-MercadolibrOSTests.release.xcconfig */,
			);
			name = Pods;
			sourceTree = "<group>";
		};
/* End PBXGroup section */

/* Begin PBXNativeTarget section */
		08FFCC2F19F1E02B00914866 /* MercadolibrOS */ = {
			isa = PBXNativeTarget;
			buildConfigurationList = 08FFCC5319F1E02C00914866 /* Build configuration list for PBXNativeTarget "MercadolibrOS" */;
			buildPhases = (
				08FFCC2C19F1E02B00914866 /* Sources */,
				08FFCC2D19F1E02B00914866 /* Frameworks */,
				08FFCC2E19F1E02B00914866 /* Resources */,
			);
			buildRules = (
			);
			dependencies = (
			);
			name = MercadolibrOS;
			productName = MercadolibrOS;
			productReference = 08FFCC3019F1E02B00914866 /* MercadolibrOS.app */;
			productType = "com.apple.product-type.application";
		};
		08FFCC4819F1E02C00914866 /* MercadolibrOSTests */ = {
			isa = PBXNativeTarget;
			buildConfigurationList = 08FFCC5619F1E02C00914866 /* Build configuration list for PBXNativeTarget "MercadolibrOSTests" */;
			buildPhases = (
				84C553B4011AB0DF81166549 /* Check Pods Manifest.lock */,
				08FFCC4519F1E02C00914866 /* Sources */,
				08FFCC4619F1E02C00914866 /* Frameworks */,
				08FFCC4719F1E02C00914866 /* Resources */,
				CE0E8C9D4C9407CD0C24DE58 /* Copy Pods Resources */,
			);
			buildRules = (
			);
			dependencies = (
				08FFCC4B19F1E02C00914866 /* PBXTargetDependency */,
			);
			name = MercadolibrOSTests;
			productName = MercadolibrOSTests;
			productReference = 08FFCC4919F1E02C00914866 /* MercadolibrOSTests.xctest */;
			productType = "com.apple.product-type.bundle.unit-test";
		};
/* End PBXNativeTarget section */

/* Begin PBXProject section */
		08FFCC2819F1E02B00914866 /* Project object */ = {
			isa = PBXProject;
			attributes = {
				CLASSPREFIX = WM;
				LastUpgradeCheck = 0600;
				ORGANIZATIONNAME = "William Mora";
				TargetAttributes = {
					08FFCC2F19F1E02B00914866 = {
						CreatedOnToolsVersion = 6.0.1;
					};
					08FFCC4819F1E02C00914866 = {
						CreatedOnToolsVersion = 6.0.1;
						TestTargetID = 08FFCC2F19F1E02B00914866;
					};
				};
			};
			buildConfigurationList = 08FFCC2B19F1E02B00914866 /* Build configuration list for PBXProject "MercadolibrOS" */;
			compatibilityVersion = "Xcode 3.2";
			developmentRegion = English;
			hasScannedForEncodings = 0;
			knownRegions = (
				en,
				Base,
			);
			mainGroup = 08FFCC2719F1E02B00914866;
			productRefGroup = 08FFCC3119F1E02B00914866 /* Products */;
			projectDirPath = "";
			projectRoot = "";
			targets = (
				08FFCC2F19F1E02B00914866 /* MercadolibrOS */,
				08FFCC4819F1E02C00914866 /* MercadolibrOSTests */,
			);
		};
/* End PBXProject section */

/* Begin PBXResourcesBuildPhase section */
		08FFCC2E19F1E02B00914866 /* Resources */ = {
			isa = PBXResourcesBuildPhase;
			buildActionMask = 2147483647;
			files = (
				08FFCC5F19F1EF0700914866 /* WMHomeViewController.xib in Resources */,
				08FFCC4419F1E02B00914866 /* LaunchScreen.xib in Resources */,
				08FFCC4119F1E02B00914866 /* Images.xcassets in Resources */,
				08FFCC6619F2236B00914866 /* WMSearchResultsViewController.xib in Resources */,
			);
			runOnlyForDeploymentPostprocessing = 0;
		};
		08FFCC4719F1E02C00914866 /* Resources */ = {
			isa = PBXResourcesBuildPhase;
			buildActionMask = 2147483647;
			files = (
				08506CA419F3223800B206B9 /* search_success.json in Resources */,
			);
			runOnlyForDeploymentPostprocessing = 0;
		};
/* End PBXResourcesBuildPhase section */

/* Begin PBXShellScriptBuildPhase section */
		84C553B4011AB0DF81166549 /* Check Pods Manifest.lock */ = {
			isa = PBXShellScriptBuildPhase;
			buildActionMask = 2147483647;
			files = (
			);
			inputPaths = (
			);
			name = "Check Pods Manifest.lock";
			outputPaths = (
			);
			runOnlyForDeploymentPostprocessing = 0;
			shellPath = /bin/sh;
			shellScript = "diff \"${PODS_ROOT}/../Podfile.lock\" \"${PODS_ROOT}/Manifest.lock\" > /dev/null\nif [[ $? != 0 ]] ; then\n    cat << EOM\nerror: The sandbox is not in sync with the Podfile.lock. Run 'pod install' or update your CocoaPods installation.\nEOM\n    exit 1\nfi\n";
			showEnvVarsInLog = 0;
		};
		CE0E8C9D4C9407CD0C24DE58 /* Copy Pods Resources */ = {
			isa = PBXShellScriptBuildPhase;
			buildActionMask = 2147483647;
			files = (
			);
			inputPaths = (
			);
			name = "Copy Pods Resources";
			outputPaths = (
			);
			runOnlyForDeploymentPostprocessing = 0;
			shellPath = /bin/sh;
			shellScript = "\"${SRCROOT}/Pods/Target Support Files/Pods-MercadolibrOSTests/Pods-MercadolibrOSTests-resources.sh\"\n";
			showEnvVarsInLog = 0;
		};
/* End PBXShellScriptBuildPhase section */

/* Begin PBXSourcesBuildPhase section */
		08FFCC2C19F1E02B00914866 /* Sources */ = {
			isa = PBXSourcesBuildPhase;
			buildActionMask = 2147483647;
			files = (
				27EA2D7119F585A100769D6E /* WMNavigationManager.m in Sources */,
				27EA2D6B19F57E3300769D6E /* WMHomeViewController.m in Sources */,
				27EA2D6C19F57E3300769D6E /* WMSearchResultsViewController.m in Sources */,
				08FFCC3919F1E02B00914866 /* AppDelegate.m in Sources */,
				08506CAC19F4317300B206B9 /* WMItem.m in Sources */,
				08FFCC3619F1E02B00914866 /* main.m in Sources */,
				08506C9619F2DF2F00B206B9 /* WMSearch.m in Sources */,
				08506C9319F2DE9A00B206B9 /* WMSearchService.m in Sources */,
				08506C9919F2DF6C00B206B9 /* WMPaging.m in Sources */,
			);
			runOnlyForDeploymentPostprocessing = 0;
		};
		08FFCC4519F1E02C00914866 /* Sources */ = {
			isa = PBXSourcesBuildPhase;
			buildActionMask = 2147483647;
			files = (
				08506C6E19F2829C00B206B9 /* WMNavigationManagerTests.m in Sources */,
				08506CA919F4242400B206B9 /* WMSearchTests.m in Sources */,
				08FFCC5A19F1EDDB00914866 /* AppDelegateTests.m in Sources */,
				08FFCC6119F2030700914866 /* WMHomeViewControllerTests.m in Sources */,
				08506C9019F2DE5400B206B9 /* WMSearchServiceTests.m in Sources */,
				08506CA719F419A100B206B9 /* WMPagingTests.m in Sources */,
				08506CAE19F4AADA00B206B9 /* WMItemTests.m in Sources */,
			);
			runOnlyForDeploymentPostprocessing = 0;
		};
/* End PBXSourcesBuildPhase section */

/* Begin PBXTargetDependency section */
		08FFCC4B19F1E02C00914866 /* PBXTargetDependency */ = {
			isa = PBXTargetDependency;
			target = 08FFCC2F19F1E02B00914866 /* MercadolibrOS */;
			targetProxy = 08FFCC4A19F1E02C00914866 /* PBXContainerItemProxy */;
		};
/* End PBXTargetDependency section */

/* Begin PBXVariantGroup section */
		08FFCC4219F1E02B00914866 /* LaunchScreen.xib */ = {
			isa = PBXVariantGroup;
			children = (
				08FFCC4319F1E02B00914866 /* Base */,
			);
			name = LaunchScreen.xib;
			sourceTree = "<group>";
		};
/* End PBXVariantGroup section */

/* Begin XCBuildConfiguration section */
		08FFCC5119F1E02C00914866 /* Debug */ = {
			isa = XCBuildConfiguration;
			buildSettings = {
				ALWAYS_SEARCH_USER_PATHS = NO;
				CLANG_CXX_LANGUAGE_STANDARD = "gnu++0x";
				CLANG_CXX_LIBRARY = "libc++";
				CLANG_ENABLE_MODULES = YES;
				CLANG_ENABLE_OBJC_ARC = YES;
				CLANG_WARN_BOOL_CONVERSION = YES;
				CLANG_WARN_CONSTANT_CONVERSION = YES;
				CLANG_WARN_DIRECT_OBJC_ISA_USAGE = YES_ERROR;
				CLANG_WARN_EMPTY_BODY = YES;
				CLANG_WARN_ENUM_CONVERSION = YES;
				CLANG_WARN_INT_CONVERSION = YES;
				CLANG_WARN_OBJC_ROOT_CLASS = YES_ERROR;
				CLANG_WARN_UNREACHABLE_CODE = YES;
				CLANG_WARN__DUPLICATE_METHOD_MATCH = YES;
				"CODE_SIGN_IDENTITY[sdk=iphoneos*]" = "iPhone Developer";
				COPY_PHASE_STRIP = NO;
				ENABLE_STRICT_OBJC_MSGSEND = YES;
				GCC_C_LANGUAGE_STANDARD = gnu99;
				GCC_DYNAMIC_NO_PIC = NO;
				GCC_OPTIMIZATION_LEVEL = 0;
				GCC_PREPROCESSOR_DEFINITIONS = (
					"DEBUG=1",
					"$(inherited)",
				);
				GCC_SYMBOLS_PRIVATE_EXTERN = NO;
				GCC_WARN_64_TO_32_BIT_CONVERSION = YES;
				GCC_WARN_ABOUT_RETURN_TYPE = YES_ERROR;
				GCC_WARN_UNDECLARED_SELECTOR = YES;
				GCC_WARN_UNINITIALIZED_AUTOS = YES_AGGRESSIVE;
				GCC_WARN_UNUSED_FUNCTION = YES;
				GCC_WARN_UNUSED_VARIABLE = YES;
				IPHONEOS_DEPLOYMENT_TARGET = 8.0;
				MTL_ENABLE_DEBUG_INFO = YES;
				ONLY_ACTIVE_ARCH = YES;
				SDKROOT = iphoneos;
			};
			name = Debug;
		};
		08FFCC5219F1E02C00914866 /* Release */ = {
			isa = XCBuildConfiguration;
			buildSettings = {
				ALWAYS_SEARCH_USER_PATHS = NO;
				CLANG_CXX_LANGUAGE_STANDARD = "gnu++0x";
				CLANG_CXX_LIBRARY = "libc++";
				CLANG_ENABLE_MODULES = YES;
				CLANG_ENABLE_OBJC_ARC = YES;
				CLANG_WARN_BOOL_CONVERSION = YES;
				CLANG_WARN_CONSTANT_CONVERSION = YES;
				CLANG_WARN_DIRECT_OBJC_ISA_USAGE = YES_ERROR;
				CLANG_WARN_EMPTY_BODY = YES;
				CLANG_WARN_ENUM_CONVERSION = YES;
				CLANG_WARN_INT_CONVERSION = YES;
				CLANG_WARN_OBJC_ROOT_CLASS = YES_ERROR;
				CLANG_WARN_UNREACHABLE_CODE = YES;
				CLANG_WARN__DUPLICATE_METHOD_MATCH = YES;
				"CODE_SIGN_IDENTITY[sdk=iphoneos*]" = "iPhone Developer";
				COPY_PHASE_STRIP = YES;
				ENABLE_NS_ASSERTIONS = NO;
				ENABLE_STRICT_OBJC_MSGSEND = YES;
				GCC_C_LANGUAGE_STANDARD = gnu99;
				GCC_WARN_64_TO_32_BIT_CONVERSION = YES;
				GCC_WARN_ABOUT_RETURN_TYPE = YES_ERROR;
				GCC_WARN_UNDECLARED_SELECTOR = YES;
				GCC_WARN_UNINITIALIZED_AUTOS = YES_AGGRESSIVE;
				GCC_WARN_UNUSED_FUNCTION = YES;
				GCC_WARN_UNUSED_VARIABLE = YES;
				IPHONEOS_DEPLOYMENT_TARGET = 8.0;
				MTL_ENABLE_DEBUG_INFO = NO;
				SDKROOT = iphoneos;
				VALIDATE_PRODUCT = YES;
			};
			name = Release;
		};
		08FFCC5419F1E02C00914866 /* Debug */ = {
			isa = XCBuildConfiguration;
			buildSettings = {
				ASSETCATALOG_COMPILER_APPICON_NAME = AppIcon;
				INFOPLIST_FILE = MercadolibrOS/Info.plist;
				LD_RUNPATH_SEARCH_PATHS = "$(inherited) @executable_path/Frameworks";
				PRODUCT_NAME = "$(TARGET_NAME)";
			};
			name = Debug;
		};
		08FFCC5519F1E02C00914866 /* Release */ = {
			isa = XCBuildConfiguration;
			buildSettings = {
				ASSETCATALOG_COMPILER_APPICON_NAME = AppIcon;
				INFOPLIST_FILE = MercadolibrOS/Info.plist;
				LD_RUNPATH_SEARCH_PATHS = "$(inherited) @executable_path/Frameworks";
				PRODUCT_NAME = "$(TARGET_NAME)";
			};
			name = Release;
		};
		08FFCC5719F1E02C00914866 /* Debug */ = {
			isa = XCBuildConfiguration;
			baseConfigurationReference = C293BA9E90E77319DDF6966D /* Pods-MercadolibrOSTests.debug.xcconfig */;
			buildSettings = {
				BUNDLE_LOADER = "$(TEST_HOST)";
				FRAMEWORK_SEARCH_PATHS = (
					"$(SDKROOT)/Developer/Library/Frameworks",
					"$(inherited)",
				);
				GCC_PREPROCESSOR_DEFINITIONS = (
					"DEBUG=1",
					"$(inherited)",
				);
				INFOPLIST_FILE = MercadolibrOSTests/Info.plist;
				LD_RUNPATH_SEARCH_PATHS = "$(inherited) @executable_path/Frameworks @loader_path/Frameworks";
				PRODUCT_NAME = "$(TARGET_NAME)";
				TEST_HOST = "$(BUILT_PRODUCTS_DIR)/MercadolibrOS.app/MercadolibrOS";
			};
			name = Debug;
		};
		08FFCC5819F1E02C00914866 /* Release */ = {
			isa = XCBuildConfiguration;
			baseConfigurationReference = 68298690A596A12CD3F4C2E8 /* Pods-MercadolibrOSTests.release.xcconfig */;
			buildSettings = {
				BUNDLE_LOADER = "$(TEST_HOST)";
				FRAMEWORK_SEARCH_PATHS = (
					"$(SDKROOT)/Developer/Library/Frameworks",
					"$(inherited)",
				);
				INFOPLIST_FILE = MercadolibrOSTests/Info.plist;
				LD_RUNPATH_SEARCH_PATHS = "$(inherited) @executable_path/Frameworks @loader_path/Frameworks";
				PRODUCT_NAME = "$(TARGET_NAME)";
				TEST_HOST = "$(BUILT_PRODUCTS_DIR)/MercadolibrOS.app/MercadolibrOS";
			};
			name = Release;
		};
/* End XCBuildConfiguration section */

/* Begin XCConfigurationList section */
		08FFCC2B19F1E02B00914866 /* Build configuration list for PBXProject "MercadolibrOS" */ = {
			isa = XCConfigurationList;
			buildConfigurations = (
				08FFCC5119F1E02C00914866 /* Debug */,
				08FFCC5219F1E02C00914866 /* Release */,
			);
			defaultConfigurationIsVisible = 0;
			defaultConfigurationName = Release;
		};
		08FFCC5319F1E02C00914866 /* Build configuration list for PBXNativeTarget "MercadolibrOS" */ = {
			isa = XCConfigurationList;
			buildConfigurations = (
				08FFCC5419F1E02C00914866 /* Debug */,
				08FFCC5519F1E02C00914866 /* Release */,
			);
			defaultConfigurationIsVisible = 0;
			defaultConfigurationName = Release;
		};
		08FFCC5619F1E02C00914866 /* Build configuration list for PBXNativeTarget "MercadolibrOSTests" */ = {
			isa = XCConfigurationList;
			buildConfigurations = (
				08FFCC5719F1E02C00914866 /* Debug */,
				08FFCC5819F1E02C00914866 /* Release */,
			);
			defaultConfigurationIsVisible = 0;
			defaultConfigurationName = Release;
		};
/* End XCConfigurationList section */
	};
	rootObject = 08FFCC2819F1E02B00914866 /* Project object */;
}
